
Microsoft Visual Studio Solution File, Format Version 12.00
# Visual Studio Version 16
VisualStudioVersion = 16.0.31112.23
MinimumVisualStudioVersion = 10.0.40219.1
Project("{FAE04EC0-301F-11D3-BF4B-00C04F79EFBC}") = "B21_Ex05", "B21_Ex05\B21_Ex05.csproj", "{6294249C-0698-4F70-8CDA-3CA68EFB03C2}"
EndProject
Global
	GlobalSection(SolutionConfigurationPlatforms) = preSolution
		Debug|Any CPU = Debug|Any CPU
		Release|Any CPU = Release|Any CPU
	EndGlobalSection
	GlobalSection(ProjectConfigurationPlatforms) = postSolution
		{6294249C-0698-4F70-8CDA-3CA68EFB03C2}.Debug|Any CPU.ActiveCfg = Debug|Any CPU
		{6294249C-0698-4F70-8CDA-3CA68EFB03C2}.Debug|Any CPU.Build.0 = Debug|Any CPU
		{6294249C-0698-4F70-8CDA-3CA68EFB03C2}.Release|Any CPU.ActiveCfg = Release|Any CPU
		{6294249C-0698-4F70-8CDA-3CA68EFB03C2}.Release|Any CPU.Build.0 = Release|Any CPU
	EndGlobalSection
	GlobalSection(SolutionProperties) = preSolution
		HideSolutionNode = FALSE
	EndGlobalSection
	GlobalSection(ExtensibilityGlobals) = postSolution
		SolutionGuid = {DDCAF864-0681-4A03-A360-B32FE741C8E9}
	EndGlobalSection
EndGlobal
